{
 "_meta": {
  "file-type": "spack-lockfile",
  "lockfile-version": 2
 },
 "roots": [
  {
   "hash": "x7fpcwas5so6hiemegyf4er3sbbmbpz3",
   "spec": "zlib"
  }
 ],
 "concrete_specs": {
  "x7fpcwas5so6hiemegyf4er3sbbmbpz3": {
   "zlib": {
    "version": "1.2.11",
    "arch": {
     "platform": "linux",
     "platform_os": "opensuse_leap15",
     "target": "x86_64"
    },
    "compiler": {
     "name": "gcc",
     "version": "9.3.0"
    },
    "namespace": "builtin",
    "parameters": {
     "optimize": true,
     "pic": true,
     "shared": true,
     "cflags": [],
     "cppflags": [],
     "cxxflags": [],
     "fflags": [],
     "ldflags": [],
     "ldlibs": []
    },
    "hash": "x7fpcwas5so6hiemegyf4er3sbbmbpz3"
   }
  }
 }
}